
Microsoft Visual Studio Solution File, Format Version 12.00
# Visual Studio Version 17
VisualStudioVersion = 17.5.2.0
MinimumVisualStudioVersion = 10.0.40219.1
Project("{FAE04EC0-301F-11D3-BF4B-00C04F79EFBC}") = "AnimalAdoption.Api", "AnimalAdoption.Api\AnimalAdoption.Api.csproj", "{5B97B10C-C6E7-88F6-CBA9-F89EF761CF93}"
EndProject
Project("{FAE04EC0-301F-11D3-BF4B-00C04F79EFBC}") = "AnimalAdoption.Test", "AnimalAdoption.Test\AnimalAdoption.Test.csproj", "{F70E246F-8608-44F9-8F1A-FA05638470C9}"
EndProject
Global
	GlobalSection(SolutionConfigurationPlatforms) = preSolution
		Debug|Any CPU = Debug|Any CPU
		Debug|x64 = Debug|x64
		Debug|x86 = Debug|x86
		Release|Any CPU = Release|Any CPU
		Release|x64 = Release|x64
		Release|x86 = Release|x86
	EndGlobalSection
	GlobalSection(ProjectConfigurationPlatforms) = postSolution
		{5B97B10C-C6E7-88F6-CBA9-F89EF761CF93}.Debug|Any CPU.ActiveCfg = Debug|Any CPU
		{5B97B10C-C6E7-88F6-CBA9-F89EF761CF93}.Debug|Any CPU.Build.0 = Debug|Any CPU
		{5B97B10C-C6E7-88F6-CBA9-F89EF761CF93}.Debug|x64.ActiveCfg = Debug|Any CPU
		{5B97B10C-C6E7-88F6-CBA9-F89EF761CF93}.Debug|x64.Build.0 = Debug|Any CPU
		{5B97B10C-C6E7-88F6-CBA9-F89EF761CF93}.Debug|x86.ActiveCfg = Debug|Any CPU
		{5B97B10C-C6E7-88F6-CBA9-F89EF761CF93}.Debug|x86.Build.0 = Debug|Any CPU
		{5B97B10C-C6E7-88F6-CBA9-F89EF761CF93}.Release|Any CPU.ActiveCfg = Release|Any CPU
		{5B97B10C-C6E7-88F6-CBA9-F89EF761CF93}.Release|Any CPU.Build.0 = Release|Any CPU
		{5B97B10C-C6E7-88F6-CBA9-F89EF761CF93}.Release|x64.ActiveCfg = Release|Any CPU
		{5B97B10C-C6E7-88F6-CBA9-F89EF761CF93}.Release|x64.Build.0 = Release|Any CPU
		{5B97B10C-C6E7-88F6-CBA9-F89EF761CF93}.Release|x86.ActiveCfg = Release|Any CPU
		{5B97B10C-C6E7-88F6-CBA9-F89EF761CF93}.Release|x86.Build.0 = Release|Any CPU
		{F70E246F-8608-44F9-8F1A-FA05638470C9}.Debug|Any CPU.ActiveCfg = Debug|Any CPU
		{F70E246F-8608-44F9-8F1A-FA05638470C9}.Debug|Any CPU.Build.0 = Debug|Any CPU
		{F70E246F-8608-44F9-8F1A-FA05638470C9}.Debug|x64.ActiveCfg = Debug|Any CPU
		{F70E246F-8608-44F9-8F1A-FA05638470C9}.Debug|x64.Build.0 = Debug|Any CPU
		{F70E246F-8608-44F9-8F1A-FA05638470C9}.Debug|x86.ActiveCfg = Debug|Any CPU
		{F70E246F-8608-44F9-8F1A-FA05638470C9}.Debug|x86.Build.0 = Debug|Any CPU
		{F70E246F-8608-44F9-8F1A-FA05638470C9}.Release|Any CPU.ActiveCfg = Release|Any CPU
		{F70E246F-8608-44F9-8F1A-FA05638470C9}.Release|Any CPU.Build.0 = Release|Any CPU
		{F70E246F-8608-44F9-8F1A-FA05638470C9}.Release|x64.ActiveCfg = Release|Any CPU
		{F70E246F-8608-44F9-8F1A-FA05638470C9}.Release|x64.Build.0 = Release|Any CPU
		{F70E246F-8608-44F9-8F1A-FA05638470C9}.Release|x86.ActiveCfg = Release|Any CPU
		{F70E246F-8608-44F9-8F1A-FA05638470C9}.Release|x86.Build.0 = Release|Any CPU
	EndGlobalSection
	GlobalSection(SolutionProperties) = preSolution
		HideSolutionNode = FALSE
	EndGlobalSection
	GlobalSection(ExtensibilityGlobals) = postSolution
		SolutionGuid = {B413221A-06F2-4F54-960E-01EF0C423707}
	EndGlobalSection
EndGlobal
